
Microsoft Visual Studio Solution File, Format Version 12.00
Project("{FAE04EC0-301F-11D3-BF4B-00C04F79EFBC}") = "GodotSimpleTools", "GodotSimpleTools\GodotSimpleTools.csproj", "{515D6BD3-D0BF-4968-BB99-40499EA95F8B}"
EndProject
Global
	GlobalSection(SolutionConfigurationPlatforms) = preSolution
		Debug|Any CPU = Debug|Any CPU
		Release|Any CPU = Release|Any CPU
	EndGlobalSection
	GlobalSection(ProjectConfigurationPlatforms) = postSolution
		{515D6BD3-D0BF-4968-BB99-40499EA95F8B}.Debug|Any CPU.ActiveCfg = Debug|Any CPU
		{515D6BD3-D0BF-4968-BB99-40499EA95F8B}.Debug|Any CPU.Build.0 = Debug|Any CPU
		{515D6BD3-D0BF-4968-BB99-40499EA95F8B}.Release|Any CPU.ActiveCfg = Release|Any CPU
		{515D6BD3-D0BF-4968-BB99-40499EA95F8B}.Release|Any CPU.Build.0 = Release|Any CPU
	EndGlobalSection
EndGlobal
